
Microsoft Visual Studio Solution File, Format Version 12.00
# Visual Studio Version 16
VisualStudioVersion = 16.0.31424.327
MinimumVisualStudioVersion = 10.0.40219.1
Project("{FAE04EC0-301F-11D3-BF4B-00C04F79EFBC}") = "FileTransfer.Client", "FileTransfer.Client\FileTransfer.Client.csproj", "{A5317655-FE2F-4445-B683-51D4B0BDF2F4}"
EndProject
Project("{9A19103F-16F7-4668-BE54-9A1E7A4F7556}") = "FileTransder.Server", "FileTransfer.Server\FileTransder.Server.csproj", "{2586A63D-AAF2-4C0F-AEC3-F629BFB24709}"
EndProject
Global
	GlobalSection(SolutionConfigurationPlatforms) = preSolution
		Debug|Any CPU = Debug|Any CPU
		Release|Any CPU = Release|Any CPU
	EndGlobalSection
	GlobalSection(ProjectConfigurationPlatforms) = postSolution
		{A5317655-FE2F-4445-B683-51D4B0BDF2F4}.Debug|Any CPU.ActiveCfg = Debug|Any CPU
		{A5317655-FE2F-4445-B683-51D4B0BDF2F4}.Debug|Any CPU.Build.0 = Debug|Any CPU
		{A5317655-FE2F-4445-B683-51D4B0BDF2F4}.Release|Any CPU.ActiveCfg = Release|Any CPU
		{A5317655-FE2F-4445-B683-51D4B0BDF2F4}.Release|Any CPU.Build.0 = Release|Any CPU
		{2586A63D-AAF2-4C0F-AEC3-F629BFB24709}.Debug|Any CPU.ActiveCfg = Debug|Any CPU
		{2586A63D-AAF2-4C0F-AEC3-F629BFB24709}.Debug|Any CPU.Build.0 = Debug|Any CPU
		{2586A63D-AAF2-4C0F-AEC3-F629BFB24709}.Release|Any CPU.ActiveCfg = Release|Any CPU
		{2586A63D-AAF2-4C0F-AEC3-F629BFB24709}.Release|Any CPU.Build.0 = Release|Any CPU
	EndGlobalSection
	GlobalSection(SolutionProperties) = preSolution
		HideSolutionNode = FALSE
	EndGlobalSection
	GlobalSection(ExtensibilityGlobals) = postSolution
		SolutionGuid = {24FA7336-834C-494A-898C-89298B661D05}
	EndGlobalSection
EndGlobal
