
Microsoft Visual Studio Solution File, Format Version 12.00
# Visual Studio Version 16
VisualStudioVersion = 16.0.31424.327
MinimumVisualStudioVersion = 10.0.40219.1
Project("{9A19103F-16F7-4668-BE54-9A1E7A4F7556}") = "FileTransfer.Client", "FileTransfer.Client\FileTransfer.Client.csproj", "{A5317655-FE2F-4445-B683-51D4B0BDF2F4}"
EndProject
Project("{9A19103F-16F7-4668-BE54-9A1E7A4F7556}") = "FileTransder.Server", "FileTransfer.Server\FileTransder.Server.csproj", "{2586A63D-AAF2-4C0F-AEC3-F629BFB24709}"
EndProject
Project("{FAE04EC0-301F-11D3-BF4B-00C04F79EFBC}") = "HelloworldXamarin.iOS", "FileTransfer.MobileClient\HelloworldXamarin.iOS\HelloworldXamarin.iOS.csproj", "{101480C8-667F-45F0-9E3B-1201CE5F3D9F}"
EndProject
Project("{FAE04EC0-301F-11D3-BF4B-00C04F79EFBC}") = "HelloworldXamarin.Android", "FileTransfer.MobileClient\HelloworldXamarin.Android\HelloworldXamarin.Android.csproj", "{FB8D18D2-51AF-432C-8EA0-21B4454F45A9}"
EndProject
Project("{9A19103F-16F7-4668-BE54-9A1E7A4F7556}") = "HelloworldXamarin", "FileTransfer.MobileClient\HelloworldXamarin\HelloworldXamarin.csproj", "{D62A1853-F986-4ACE-BF63-03113B6B0884}"
EndProject
Project("{2150E333-8FDC-42A3-9474-1A3956D46DE8}") = "FileTransfer.MobileClient", "FileTransfer.MobileClient", "{953560F6-2D8D-4384-8A41-85CE357DC931}"
EndProject
Global
	GlobalSection(SolutionConfigurationPlatforms) = preSolution
		Debug|Any CPU = Debug|Any CPU
		Debug|iPhone = Debug|iPhone
		Debug|iPhoneSimulator = Debug|iPhoneSimulator
		Release|Any CPU = Release|Any CPU
		Release|iPhone = Release|iPhone
		Release|iPhoneSimulator = Release|iPhoneSimulator
	EndGlobalSection
	GlobalSection(ProjectConfigurationPlatforms) = postSolution
		{A5317655-FE2F-4445-B683-51D4B0BDF2F4}.Debug|Any CPU.ActiveCfg = Debug|Any CPU
		{A5317655-FE2F-4445-B683-51D4B0BDF2F4}.Debug|Any CPU.Build.0 = Debug|Any CPU
		{A5317655-FE2F-4445-B683-51D4B0BDF2F4}.Debug|iPhone.ActiveCfg = Debug|Any CPU
		{A5317655-FE2F-4445-B683-51D4B0BDF2F4}.Debug|iPhone.Build.0 = Debug|Any CPU
		{A5317655-FE2F-4445-B683-51D4B0BDF2F4}.Debug|iPhoneSimulator.ActiveCfg = Debug|Any CPU
		{A5317655-FE2F-4445-B683-51D4B0BDF2F4}.Debug|iPhoneSimulator.Build.0 = Debug|Any CPU
		{A5317655-FE2F-4445-B683-51D4B0BDF2F4}.Release|Any CPU.ActiveCfg = Release|Any CPU
		{A5317655-FE2F-4445-B683-51D4B0BDF2F4}.Release|Any CPU.Build.0 = Release|Any CPU
		{A5317655-FE2F-4445-B683-51D4B0BDF2F4}.Release|iPhone.ActiveCfg = Release|Any CPU
		{A5317655-FE2F-4445-B683-51D4B0BDF2F4}.Release|iPhone.Build.0 = Release|Any CPU
		{A5317655-FE2F-4445-B683-51D4B0BDF2F4}.Release|iPhoneSimulator.ActiveCfg = Release|Any CPU
		{A5317655-FE2F-4445-B683-51D4B0BDF2F4}.Release|iPhoneSimulator.Build.0 = Release|Any CPU
		{2586A63D-AAF2-4C0F-AEC3-F629BFB24709}.Debug|Any CPU.ActiveCfg = Debug|Any CPU
		{2586A63D-AAF2-4C0F-AEC3-F629BFB24709}.Debug|Any CPU.Build.0 = Debug|Any CPU
		{2586A63D-AAF2-4C0F-AEC3-F629BFB24709}.Debug|iPhone.ActiveCfg = Debug|Any CPU
		{2586A63D-AAF2-4C0F-AEC3-F629BFB24709}.Debug|iPhone.Build.0 = Debug|Any CPU
		{2586A63D-AAF2-4C0F-AEC3-F629BFB24709}.Debug|iPhoneSimulator.ActiveCfg = Debug|Any CPU
		{2586A63D-AAF2-4C0F-AEC3-F629BFB24709}.Debug|iPhoneSimulator.Build.0 = Debug|Any CPU
		{2586A63D-AAF2-4C0F-AEC3-F629BFB24709}.Release|Any CPU.ActiveCfg = Release|Any CPU
		{2586A63D-AAF2-4C0F-AEC3-F629BFB24709}.Release|Any CPU.Build.0 = Release|Any CPU
		{2586A63D-AAF2-4C0F-AEC3-F629BFB24709}.Release|iPhone.ActiveCfg = Release|Any CPU
		{2586A63D-AAF2-4C0F-AEC3-F629BFB24709}.Release|iPhone.Build.0 = Release|Any CPU
		{2586A63D-AAF2-4C0F-AEC3-F629BFB24709}.Release|iPhoneSimulator.ActiveCfg = Release|Any CPU
		{2586A63D-AAF2-4C0F-AEC3-F629BFB24709}.Release|iPhoneSimulator.Build.0 = Release|Any CPU
		{101480C8-667F-45F0-9E3B-1201CE5F3D9F}.Debug|Any CPU.ActiveCfg = Debug|iPhoneSimulator
		{101480C8-667F-45F0-9E3B-1201CE5F3D9F}.Debug|iPhone.ActiveCfg = Debug|iPhone
		{101480C8-667F-45F0-9E3B-1201CE5F3D9F}.Debug|iPhone.Build.0 = Debug|iPhone
		{101480C8-667F-45F0-9E3B-1201CE5F3D9F}.Debug|iPhoneSimulator.ActiveCfg = Debug|iPhoneSimulator
		{101480C8-667F-45F0-9E3B-1201CE5F3D9F}.Debug|iPhoneSimulator.Build.0 = Debug|iPhoneSimulator
		{101480C8-667F-45F0-9E3B-1201CE5F3D9F}.Release|Any CPU.ActiveCfg = Release|iPhoneSimulator
		{101480C8-667F-45F0-9E3B-1201CE5F3D9F}.Release|iPhone.ActiveCfg = Release|iPhone
		{101480C8-667F-45F0-9E3B-1201CE5F3D9F}.Release|iPhone.Build.0 = Release|iPhone
		{101480C8-667F-45F0-9E3B-1201CE5F3D9F}.Release|iPhoneSimulator.ActiveCfg = Release|iPhoneSimulator
		{101480C8-667F-45F0-9E3B-1201CE5F3D9F}.Release|iPhoneSimulator.Build.0 = Release|iPhoneSimulator
		{FB8D18D2-51AF-432C-8EA0-21B4454F45A9}.Debug|Any CPU.ActiveCfg = Debug|Any CPU
		{FB8D18D2-51AF-432C-8EA0-21B4454F45A9}.Debug|Any CPU.Build.0 = Debug|Any CPU
		{FB8D18D2-51AF-432C-8EA0-21B4454F45A9}.Debug|Any CPU.Deploy.0 = Debug|Any CPU
		{FB8D18D2-51AF-432C-8EA0-21B4454F45A9}.Debug|iPhone.ActiveCfg = Debug|Any CPU
		{FB8D18D2-51AF-432C-8EA0-21B4454F45A9}.Debug|iPhone.Build.0 = Debug|Any CPU
		{FB8D18D2-51AF-432C-8EA0-21B4454F45A9}.Debug|iPhone.Deploy.0 = Debug|Any CPU
		{FB8D18D2-51AF-432C-8EA0-21B4454F45A9}.Debug|iPhoneSimulator.ActiveCfg = Debug|Any CPU
		{FB8D18D2-51AF-432C-8EA0-21B4454F45A9}.Debug|iPhoneSimulator.Build.0 = Debug|Any CPU
		{FB8D18D2-51AF-432C-8EA0-21B4454F45A9}.Debug|iPhoneSimulator.Deploy.0 = Debug|Any CPU
		{FB8D18D2-51AF-432C-8EA0-21B4454F45A9}.Release|Any CPU.ActiveCfg = Release|Any CPU
		{FB8D18D2-51AF-432C-8EA0-21B4454F45A9}.Release|Any CPU.Build.0 = Release|Any CPU
		{FB8D18D2-51AF-432C-8EA0-21B4454F45A9}.Release|Any CPU.Deploy.0 = Release|Any CPU
		{FB8D18D2-51AF-432C-8EA0-21B4454F45A9}.Release|iPhone.ActiveCfg = Release|Any CPU
		{FB8D18D2-51AF-432C-8EA0-21B4454F45A9}.Release|iPhone.Build.0 = Release|Any CPU
		{FB8D18D2-51AF-432C-8EA0-21B4454F45A9}.Release|iPhone.Deploy.0 = Release|Any CPU
		{FB8D18D2-51AF-432C-8EA0-21B4454F45A9}.Release|iPhoneSimulator.ActiveCfg = Release|Any CPU
		{FB8D18D2-51AF-432C-8EA0-21B4454F45A9}.Release|iPhoneSimulator.Build.0 = Release|Any CPU
		{FB8D18D2-51AF-432C-8EA0-21B4454F45A9}.Release|iPhoneSimulator.Deploy.0 = Release|Any CPU
		{D62A1853-F986-4ACE-BF63-03113B6B0884}.Debug|Any CPU.ActiveCfg = Debug|Any CPU
		{D62A1853-F986-4ACE-BF63-03113B6B0884}.Debug|Any CPU.Build.0 = Debug|Any CPU
		{D62A1853-F986-4ACE-BF63-03113B6B0884}.Debug|iPhone.ActiveCfg = Debug|Any CPU
		{D62A1853-F986-4ACE-BF63-03113B6B0884}.Debug|iPhone.Build.0 = Debug|Any CPU
		{D62A1853-F986-4ACE-BF63-03113B6B0884}.Debug|iPhoneSimulator.ActiveCfg = Debug|Any CPU
		{D62A1853-F986-4ACE-BF63-03113B6B0884}.Debug|iPhoneSimulator.Build.0 = Debug|Any CPU
		{D62A1853-F986-4ACE-BF63-03113B6B0884}.Release|Any CPU.ActiveCfg = Release|Any CPU
		{D62A1853-F986-4ACE-BF63-03113B6B0884}.Release|Any CPU.Build.0 = Release|Any CPU
		{D62A1853-F986-4ACE-BF63-03113B6B0884}.Release|iPhone.ActiveCfg = Release|Any CPU
		{D62A1853-F986-4ACE-BF63-03113B6B0884}.Release|iPhone.Build.0 = Release|Any CPU
		{D62A1853-F986-4ACE-BF63-03113B6B0884}.Release|iPhoneSimulator.ActiveCfg = Release|Any CPU
		{D62A1853-F986-4ACE-BF63-03113B6B0884}.Release|iPhoneSimulator.Build.0 = Release|Any CPU
	EndGlobalSection
	GlobalSection(SolutionProperties) = preSolution
		HideSolutionNode = FALSE
	EndGlobalSection
	GlobalSection(NestedProjects) = preSolution
		{101480C8-667F-45F0-9E3B-1201CE5F3D9F} = {953560F6-2D8D-4384-8A41-85CE357DC931}
		{FB8D18D2-51AF-432C-8EA0-21B4454F45A9} = {953560F6-2D8D-4384-8A41-85CE357DC931}
		{D62A1853-F986-4ACE-BF63-03113B6B0884} = {953560F6-2D8D-4384-8A41-85CE357DC931}
	EndGlobalSection
	GlobalSection(ExtensibilityGlobals) = postSolution
		SolutionGuid = {24FA7336-834C-494A-898C-89298B661D05}
	EndGlobalSection
EndGlobal
